
Microsoft Visual Studio Solution File, Format Version 12.00
# Visual Studio Version 17
VisualStudioVersion = 17.0.31903.59
MinimumVisualStudioVersion = 10.0.40219.1
Project("{2150E333-8FDC-42A3-9474-1A3956D46DE8}") = "C C# DotNet", "C C# DotNet", "{70F0A1C8-43F6-DC82-896B-DCBAB75721CF}"
EndProject
Project("{2150E333-8FDC-42A3-9474-1A3956D46DE8}") = "2025-09-26", "2025-09-26", "{F343F65F-C4D9-6521-38D0-BFED9FBB4CDB}"
EndProject
Project("{2150E333-8FDC-42A3-9474-1A3956D46DE8}") = "code-dotnet", "code-dotnet", "{A8CDB83A-B596-3AF6-9BDB-2980A6B1191E}"
EndProject
Project("{FAE04EC0-301F-11D3-BF4B-00C04F79EFBC}") = "ConsoleAppProject", "C C# DotNet\2025-09-26\code-dotnet\ConsoleAppProject\ConsoleAppProject.csproj", "{828A2D9C-9FB2-449F-8ACF-B5083C56AB73}"
EndProject
Global
	GlobalSection(SolutionConfigurationPlatforms) = preSolution
		Debug|Any CPU = Debug|Any CPU
		Debug|x64 = Debug|x64
		Debug|x86 = Debug|x86
		Release|Any CPU = Release|Any CPU
		Release|x64 = Release|x64
		Release|x86 = Release|x86
	EndGlobalSection
	GlobalSection(ProjectConfigurationPlatforms) = postSolution
		{828A2D9C-9FB2-449F-8ACF-B5083C56AB73}.Debug|Any CPU.ActiveCfg = Debug|Any CPU
		{828A2D9C-9FB2-449F-8ACF-B5083C56AB73}.Debug|Any CPU.Build.0 = Debug|Any CPU
		{828A2D9C-9FB2-449F-8ACF-B5083C56AB73}.Debug|x64.ActiveCfg = Debug|Any CPU
		{828A2D9C-9FB2-449F-8ACF-B5083C56AB73}.Debug|x64.Build.0 = Debug|Any CPU
		{828A2D9C-9FB2-449F-8ACF-B5083C56AB73}.Debug|x86.ActiveCfg = Debug|Any CPU
		{828A2D9C-9FB2-449F-8ACF-B5083C56AB73}.Debug|x86.Build.0 = Debug|Any CPU
		{828A2D9C-9FB2-449F-8ACF-B5083C56AB73}.Release|Any CPU.ActiveCfg = Release|Any CPU
		{828A2D9C-9FB2-449F-8ACF-B5083C56AB73}.Release|Any CPU.Build.0 = Release|Any CPU
		{828A2D9C-9FB2-449F-8ACF-B5083C56AB73}.Release|x64.ActiveCfg = Release|Any CPU
		{828A2D9C-9FB2-449F-8ACF-B5083C56AB73}.Release|x64.Build.0 = Release|Any CPU
		{828A2D9C-9FB2-449F-8ACF-B5083C56AB73}.Release|x86.ActiveCfg = Release|Any CPU
		{828A2D9C-9FB2-449F-8ACF-B5083C56AB73}.Release|x86.Build.0 = Release|Any CPU
	EndGlobalSection
	GlobalSection(SolutionProperties) = preSolution
		HideSolutionNode = FALSE
	EndGlobalSection
	GlobalSection(NestedProjects) = preSolution
		{F343F65F-C4D9-6521-38D0-BFED9FBB4CDB} = {70F0A1C8-43F6-DC82-896B-DCBAB75721CF}
		{A8CDB83A-B596-3AF6-9BDB-2980A6B1191E} = {F343F65F-C4D9-6521-38D0-BFED9FBB4CDB}
		{828A2D9C-9FB2-449F-8ACF-B5083C56AB73} = {A8CDB83A-B596-3AF6-9BDB-2980A6B1191E}
	EndGlobalSection
EndGlobal
